PODS:
  - AWSCore (2.4.5)
  - AWSS3 (2.4.5):
    - AWSCore (= 2.4.5)
  - CryptoSwift (0.4.1)
  - JSONWebToken (1.5.0):
    - CryptoSwift (~> 0.4.0)

DEPENDENCIES:
  - AWSS3
  - JSONWebToken

SPEC CHECKSUMS:
  AWSCore: 2f356385bcea9b81ea47f9be0228c71697d9597d
  AWSS3: 8f73b439f12c4aaaea39fbec87f67a1f1e15bd42
  CryptoSwift: 25b5aff3f260967391f8fff2e9abe4254d2c6fd5
  JSONWebToken: 6c8968ace6b60b2e6156a7bbe5019fd9b5ff9b5a

COCOAPODS: 0.39.0
